
Microsoft Visual Studio Solution File, Format Version 12.00
# Visual Studio Version 17
VisualStudioVersion = 17.3.32929.385
MinimumVisualStudioVersion = 10.0.40219.1
Project("{FAE04EC0-301F-11D3-BF4B-00C04F79EFBC}") = "FudbalskiTimWPF", "FudbalskiTimWPF\FudbalskiTimWPF.csproj", "{0AB6B1F0-9CE6-48F3-AE9F-A8393D7FBEC9}"
EndProject
Global
	GlobalSection(SolutionConfigurationPlatforms) = preSolution
		Debug|Any CPU = Debug|Any CPU
		Release|Any CPU = Release|Any CPU
	EndGlobalSection
	GlobalSection(ProjectConfigurationPlatforms) = postSolution
		{0AB6B1F0-9CE6-48F3-AE9F-A8393D7FBEC9}.Debug|Any CPU.ActiveCfg = Debug|Any CPU
		{0AB6B1F0-9CE6-48F3-AE9F-A8393D7FBEC9}.Debug|Any CPU.Build.0 = Debug|Any CPU
		{0AB6B1F0-9CE6-48F3-AE9F-A8393D7FBEC9}.Release|Any CPU.ActiveCfg = Release|Any CPU
		{0AB6B1F0-9CE6-48F3-AE9F-A8393D7FBEC9}.Release|Any CPU.Build.0 = Release|Any CPU
	EndGlobalSection
	GlobalSection(SolutionProperties) = preSolution
		HideSolutionNode = FALSE
	EndGlobalSection
	GlobalSection(ExtensibilityGlobals) = postSolution
		SolutionGuid = {67BA4ADD-1C4C-43DD-9C24-23103B43FCE2}
	EndGlobalSection
EndGlobal
